// !$*UTF8*$!
{
	archiveVersion = 1;
	classes = {
	};
	objectVersion = 50;
	objects = {

/* Begin PBXBuildFile section */
		6CBC60663A09158DBAAA77D2 /* Pods_InstagrammDemoApp.framework in Frameworks */ = {isa = PBXBuildFile; fileRef = 950C9672EBEAA7463DDAE4EB /* Pods_InstagrammDemoApp.framework */; };
		AD094AA621EA613000673089 /* CustomTabBarController.swift in Sources */ = {isa = PBXBuildFile; fileRef = AD094AA521EA613000673089 /* CustomTabBarController.swift */; };
		AD094AA821EA63B200673089 /* UserProfileController.swift in Sources */ = {isa = PBXBuildFile; fileRef = AD094AA721EA63B200673089 /* UserProfileController.swift */; };
		AD094AAA21EA6FA200673089 /* UserProfileHeader.swift in Sources */ = {isa = PBXBuildFile; fileRef = AD094AA921EA6FA200673089 /* UserProfileHeader.swift */; };
		AD094AAC21EB7E1000673089 /* SignInViewController.swift in Sources */ = {isa = PBXBuildFile; fileRef = AD094AAB21EB7E1000673089 /* SignInViewController.swift */; };
		AD094AAE21EB990900673089 /* HomeViewController.swift in Sources */ = {isa = PBXBuildFile; fileRef = AD094AAD21EB990900673089 /* HomeViewController.swift */; };
		AD094AB021EBA0E500673089 /* PhotoSelectorCollectionViewController.swift in Sources */ = {isa = PBXBuildFile; fileRef = AD094AAF21EBA0E500673089 /* PhotoSelectorCollectionViewController.swift */; };
		AD094AB221EBAC6500673089 /* PhotoSelectorCollectionViewCell.swift in Sources */ = {isa = PBXBuildFile; fileRef = AD094AB121EBAC6500673089 /* PhotoSelectorCollectionViewCell.swift */; };
		AD094AB421EBB27500673089 /* PhotoCollectionViewHeaderCell.swift in Sources */ = {isa = PBXBuildFile; fileRef = AD094AB321EBB27500673089 /* PhotoCollectionViewHeaderCell.swift */; };
		AD094AB621EBBD2400673089 /* FeedViewController.swift in Sources */ = {isa = PBXBuildFile; fileRef = AD094AB521EBBD2400673089 /* FeedViewController.swift */; };
		AD094AB821EBC1F500673089 /* CameraViewController.swift in Sources */ = {isa = PBXBuildFile; fileRef = AD094AB721EBC1F500673089 /* CameraViewController.swift */; };
		ADE155D521E9EA42003953AB /* AppDelegate.swift in Sources */ = {isa = PBXBuildFile; fileRef = ADE155D421E9EA42003953AB /* AppDelegate.swift */; };
		ADE155D721E9EA42003953AB /* ViewController.swift in Sources */ = {isa = PBXBuildFile; fileRef = ADE155D621E9EA42003953AB /* ViewController.swift */; };
		ADE155DA21E9EA42003953AB /* Main.storyboard in Resources */ = {isa = PBXBuildFile; fileRef = ADE155D821E9EA42003953AB /* Main.storyboard */; };
		ADE155DD21E9EA42003953AB /* InstagrammDemoApp.xcdatamodeld in Sources */ = {isa = PBXBuildFile; fileRef = ADE155DB21E9EA42003953AB /* InstagrammDemoApp.xcdatamodeld */; };
		ADE155DF21E9EA47003953AB /* Assets.xcassets in Resources */ = {isa = PBXBuildFile; fileRef = ADE155DE21E9EA47003953AB /* Assets.xcassets */; };
		ADE155E221E9EA47003953AB /* LaunchScreen.storyboard in Resources */ = {isa = PBXBuildFile; fileRef = ADE155E021E9EA47003953AB /* LaunchScreen.storyboard */; };
		ADE155ED21EA0E82003953AB /* Extensions.swift in Sources */ = {isa = PBXBuildFile; fileRef = ADE155EC21EA0E82003953AB /* Extensions.swift */; };
		ADE155EF21EA1A08003953AB /* GoogleService-Info.plist in Resources */ = {isa = PBXBuildFile; fileRef = ADE155EE21EA1A08003953AB /* GoogleService-Info.plist */; };
/* End PBXBuildFile section */

/* Begin PBXFileReference section */
		1513C17511187AB628E02289 /* Pods-InstagrammDemoApp.release.xcconfig */ = {isa = PBXFileReference; includeInIndex = 1; lastKnownFileType = text.xcconfig; name = "Pods-InstagrammDemoApp.release.xcconfig"; path = "Pods/Target Support Files/Pods-InstagrammDemoApp/Pods-InstagrammDemoApp.release.xcconfig"; sourceTree = "<group>"; };
		6ADF3F0FAFB487B74DE2D465 /* Pods-InstagrammDemoApp.debug.xcconfig */ = {isa = PBXFileReference; includeInIndex = 1; lastKnownFileType = text.xcconfig; name = "Pods-InstagrammDemoApp.debug.xcconfig"; path = "Pods/Target Support Files/Pods-InstagrammDemoApp/Pods-InstagrammDemoApp.debug.xcconfig"; sourceTree = "<group>"; };
		950C9672EBEAA7463DDAE4EB /* Pods_InstagrammDemoApp.framework */ = {isa = PBXFileReference; explicitFileType = wrapper.framework; includeInIndex = 0; path = Pods_InstagrammDemoApp.framework; sourceTree = BUILT_PRODUCTS_DIR; };
		AD094AA521EA613000673089 /* CustomTabBarController.swift */ = {isa = PBXFileReference; lastKnownFileType = sourcecode.swift; path = CustomTabBarController.swift; sourceTree = "<group>"; };
		AD094AA721EA63B200673089 /* UserProfileController.swift */ = {isa = PBXFileReference; lastKnownFileType = sourcecode.swift; path = UserProfileController.swift; sourceTree = "<group>"; };
		AD094AA921EA6FA200673089 /* UserProfileHeader.swift */ = {isa = PBXFileReference; lastKnownFileType = sourcecode.swift; path = UserProfileHeader.swift; sourceTree = "<group>"; };
		AD094AAB21EB7E1000673089 /* SignInViewController.swift */ = {isa = PBXFileReference; lastKnownFileType = sourcecode.swift; path = SignInViewController.swift; sourceTree = "<group>"; };
		AD094AAD21EB990900673089 /* HomeViewController.swift */ = {isa = PBXFileReference; lastKnownFileType = sourcecode.swift; path = HomeViewController.swift; sourceTree = "<group>"; };
		AD094AAF21EBA0E500673089 /* PhotoSelectorCollectionViewController.swift */ = {isa = PBXFileReference; lastKnownFileType = sourcecode.swift; path = PhotoSelectorCollectionViewController.swift; sourceTree = "<group>"; };
		AD094AB121EBAC6500673089 /* PhotoSelectorCollectionViewCell.swift */ = {isa = PBXFileReference; lastKnownFileType = sourcecode.swift; path = PhotoSelectorCollectionViewCell.swift; sourceTree = "<group>"; };
		AD094AB321EBB27500673089 /* PhotoCollectionViewHeaderCell.swift */ = {isa = PBXFileReference; lastKnownFileType = sourcecode.swift; path = PhotoCollectionViewHeaderCell.swift; sourceTree = "<group>"; };
		AD094AB521EBBD2400673089 /* FeedViewController.swift */ = {isa = PBXFileReference; lastKnownFileType = sourcecode.swift; path = FeedViewController.swift; sourceTree = "<group>"; };
		AD094AB721EBC1F500673089 /* CameraViewController.swift */ = {isa = PBXFileReference; lastKnownFileType = sourcecode.swift; path = CameraViewController.swift; sourceTree = "<group>"; };
		ADE155D121E9EA42003953AB /* InstagrammDemoApp.app */ = {isa = PBXFileReference; explicitFileType = wrapper.application; includeInIndex = 0; path = InstagrammDemoApp.app; sourceTree = BUILT_PRODUCTS_DIR; };
		ADE155D421E9EA42003953AB /* AppDelegate.swift */ = {isa = PBXFileReference; lastKnownFileType = sourcecode.swift; path = AppDelegate.swift; sourceTree = "<group>"; };
		ADE155D621E9EA42003953AB /* ViewController.swift */ = {isa = PBXFileReference; lastKnownFileType = sourcecode.swift; path = ViewController.swift; sourceTree = "<group>"; };
		ADE155D921E9EA42003953AB /* Base */ = {isa = PBXFileReference; lastKnownFileType = file.storyboard; name = Base; path = Base.lproj/Main.storyboard; sourceTree = "<group>"; };
		ADE155DC21E9EA42003953AB /* InstagrammDemoApp.xcdatamodel */ = {isa = PBXFileReference; lastKnownFileType = wrapper.xcdatamodel; path = InstagrammDemoApp.xcdatamodel; sourceTree = "<group>"; };
		ADE155DE21E9EA47003953AB /* Assets.xcassets */ = {isa = PBXFileReference; lastKnownFileType = folder.assetcatalog; path = Assets.xcassets; sourceTree = "<group>"; };
		ADE155E121E9EA47003953AB /* Base */ = {isa = PBXFileReference; lastKnownFileType = file.storyboard; name = Base; path = Base.lproj/LaunchScreen.storyboard; sourceTree = "<group>"; };
		ADE155E321E9EA47003953AB /* Info.plist */ = {isa = PBXFileReference; lastKnownFileType = text.plist.xml; path = Info.plist; sourceTree = "<group>"; };
		ADE155EC21EA0E82003953AB /* Extensions.swift */ = {isa = PBXFileReference; lastKnownFileType = sourcecode.swift; path = Extensions.swift; sourceTree = "<group>"; };
		ADE155EE21EA1A08003953AB /* GoogleService-Info.plist */ = {isa = PBXFileReference; fileEncoding = 4; lastKnownFileType = text.plist.xml; path = "GoogleService-Info.plist"; sourceTree = "<group>"; };
/* End PBXFileReference section */

/* Begin PBXFrameworksBuildPhase section */
		ADE155CE21E9EA42003953AB /* Frameworks */ = {
			isa = PBXFrameworksBuildPhase;
			buildActionMask = 2147483647;
			files = (
				6CBC60663A09158DBAAA77D2 /* Pods_InstagrammDemoApp.framework in Frameworks */,
			);
			runOnlyForDeploymentPostprocessing = 0;
		};
/* End PBXFrameworksBuildPhase section */

/* Begin PBXGroup section */
		9A50307B79A938EE6B32A974 /* Frameworks */ = {
			isa = PBXGroup;
			children = (
				950C9672EBEAA7463DDAE4EB /* Pods_InstagrammDemoApp.framework */,
			);
			name = Frameworks;
			sourceTree = "<group>";
		};
		ADE155C821E9EA42003953AB = {
			isa = PBXGroup;
			children = (
				ADE155D321E9EA42003953AB /* InstagrammDemoApp */,
				ADE155D221E9EA42003953AB /* Products */,
				F64F32EA66754527C10C8696 /* Pods */,
				9A50307B79A938EE6B32A974 /* Frameworks */,
			);
			sourceTree = "<group>";
		};
		ADE155D221E9EA42003953AB /* Products */ = {
			isa = PBXGroup;
			children = (
				ADE155D121E9EA42003953AB /* InstagrammDemoApp.app */,
			);
			name = Products;
			sourceTree = "<group>";
		};
		ADE155D321E9EA42003953AB /* InstagrammDemoApp */ = {
			isa = PBXGroup;
			children = (
				ADE155EB21EA0E64003953AB /* Utils */,
				ADE155D421E9EA42003953AB /* AppDelegate.swift */,
				ADE155D621E9EA42003953AB /* ViewController.swift */,
				AD094AA521EA613000673089 /* CustomTabBarController.swift */,
				ADE155D821E9EA42003953AB /* Main.storyboard */,
				ADE155DE21E9EA47003953AB /* Assets.xcassets */,
				ADE155E021E9EA47003953AB /* LaunchScreen.storyboard */,
				ADE155E321E9EA47003953AB /* Info.plist */,
				ADE155EE21EA1A08003953AB /* GoogleService-Info.plist */,
				ADE155DB21E9EA42003953AB /* InstagrammDemoApp.xcdatamodeld */,
				AD094AA721EA63B200673089 /* UserProfileController.swift */,
				AD094AA921EA6FA200673089 /* UserProfileHeader.swift */,
				AD094AAB21EB7E1000673089 /* SignInViewController.swift */,
				AD094AAD21EB990900673089 /* HomeViewController.swift */,
				AD094AAF21EBA0E500673089 /* PhotoSelectorCollectionViewController.swift */,
				AD094AB121EBAC6500673089 /* PhotoSelectorCollectionViewCell.swift */,
				AD094AB321EBB27500673089 /* PhotoCollectionViewHeaderCell.swift */,
				AD094AB521EBBD2400673089 /* FeedViewController.swift */,
				AD094AB721EBC1F500673089 /* CameraViewController.swift */,
			);
			path = InstagrammDemoApp;
			sourceTree = "<group>";
		};
		ADE155EB21EA0E64003953AB /* Utils */ = {
			isa = PBXGroup;
			children = (
				ADE155EC21EA0E82003953AB /* Extensions.swift */,
			);
			path = Utils;
			sourceTree = "<group>";
		};
		F64F32EA66754527C10C8696 /* Pods */ = {
			isa = PBXGroup;
			children = (
				6ADF3F0FAFB487B74DE2D465 /* Pods-InstagrammDemoApp.debug.xcconfig */,
				1513C17511187AB628E02289 /* Pods-InstagrammDemoApp.release.xcconfig */,
			);
			name = Pods;
			sourceTree = "<group>";
		};
/* End PBXGroup section */

/* Begin PBXNativeTarget section */
		ADE155D021E9EA42003953AB /* InstagrammDemoApp */ = {
			isa = PBXNativeTarget;
			buildConfigurationList = ADE155E621E9EA47003953AB /* Build configuration list for PBXNativeTarget "InstagrammDemoApp" */;
			buildPhases = (
				76DA63F9E0985326E6D872A5 /* [CP] Check Pods Manifest.lock */,
				ADE155CD21E9EA42003953AB /* Sources */,
				ADE155CE21E9EA42003953AB /* Frameworks */,
				ADE155CF21E9EA42003953AB /* Resources */,
				D352F6D066D846BEB78F138A /* [CP] Embed Pods Frameworks */,
			);
			buildRules = (
			);
			dependencies = (
			);
			name = InstagrammDemoApp;
			productName = InstagrammDemoApp;
			productReference = ADE155D121E9EA42003953AB /* InstagrammDemoApp.app */;
			productType = "com.apple.product-type.application";
		};
/* End PBXNativeTarget section */

/* Begin PBXProject section */
		ADE155C921E9EA42003953AB /* Project object */ = {
			isa = PBXProject;
			attributes = {
				LastSwiftUpdateCheck = 1010;
				LastUpgradeCheck = 1010;
				ORGANIZATIONNAME = "Daniil Vereschagin";
				TargetAttributes = {
					ADE155D021E9EA42003953AB = {
						CreatedOnToolsVersion = 10.1;
					};
				};
			};
			buildConfigurationList = ADE155CC21E9EA42003953AB /* Build configuration list for PBXProject "InstagrammDemoApp" */;
			compatibilityVersion = "Xcode 9.3";
			developmentRegion = en;
			hasScannedForEncodings = 0;
			knownRegions = (
				en,
				Base,
			);
			mainGroup = ADE155C821E9EA42003953AB;
			productRefGroup = ADE155D221E9EA42003953AB /* Products */;
			projectDirPath = "";
			projectRoot = "";
			targets = (
				ADE155D021E9EA42003953AB /* InstagrammDemoApp */,
			);
		};
/* End PBXProject section */

/* Begin PBXResourcesBuildPhase section */
		ADE155CF21E9EA42003953AB /* Resources */ = {
			isa = PBXResourcesBuildPhase;
			buildActionMask = 2147483647;
			files = (
				ADE155E221E9EA47003953AB /* LaunchScreen.storyboard in Resources */,
				ADE155EF21EA1A08003953AB /* GoogleService-Info.plist in Resources */,
				ADE155DF21E9EA47003953AB /* Assets.xcassets in Resources */,
				ADE155DA21E9EA42003953AB /* Main.storyboard in Resources */,
			);
			runOnlyForDeploymentPostprocessing = 0;
		};
/* End PBXResourcesBuildPhase section */

/* Begin PBXShellScriptBuildPhase section */
		76DA63F9E0985326E6D872A5 /* [CP] Check Pods Manifest.lock */ = {
			isa = PBXShellScriptBuildPhase;
			buildActionMask = 2147483647;
			files = (
			);
			inputFileListPaths = (
			);
			inputPaths = (
				"${PODS_PODFILE_DIR_PATH}/Podfile.lock",
				"${PODS_ROOT}/Manifest.lock",
			);
			name = "[CP] Check Pods Manifest.lock";
			outputFileListPaths = (
			);
			outputPaths = (
				"$(DERIVED_FILE_DIR)/Pods-InstagrammDemoApp-checkManifestLockResult.txt",
			);
			runOnlyForDeploymentPostprocessing = 0;
			shellPath = /bin/sh;
			shellScript = "diff \"${PODS_PODFILE_DIR_PATH}/Podfile.lock\" \"${PODS_ROOT}/Manifest.lock\" > /dev/null\nif [ $? != 0 ] ; then\n    # print error to STDERR\n    echo \"error: The sandbox is not in sync with the Podfile.lock. Run 'pod install' or update your CocoaPods installation.\" >&2\n    exit 1\nfi\n# This output is used by Xcode 'outputs' to avoid re-running this script phase.\necho \"SUCCESS\" > \"${SCRIPT_OUTPUT_FILE_0}\"\n";
			showEnvVarsInLog = 0;
		};
		D352F6D066D846BEB78F138A /* [CP] Embed Pods Frameworks */ = {
			isa = PBXShellScriptBuildPhase;
			buildActionMask = 2147483647;
			files = (
			);
			inputFileListPaths = (
			);
			inputPaths = (
				"${SRCROOT}/Pods/Target Support Files/Pods-InstagrammDemoApp/Pods-InstagrammDemoApp-frameworks.sh",
				"${BUILT_PRODUCTS_DIR}/GTMSessionFetcher/GTMSessionFetcher.framework",
				"${BUILT_PRODUCTS_DIR}/GoogleUtilities/GoogleUtilities.framework",
				"${BUILT_PRODUCTS_DIR}/leveldb-library/leveldb.framework",
				"${BUILT_PRODUCTS_DIR}/nanopb/nanopb.framework",
			);
			name = "[CP] Embed Pods Frameworks";
			outputFileListPaths = (
			);
			outputPaths = (
				"${TARGET_BUILD_DIR}/${FRAMEWORKS_FOLDER_PATH}/GTMSessionFetcher.framework",
				"${TARGET_BUILD_DIR}/${FRAMEWORKS_FOLDER_PATH}/GoogleUtilities.framework",
				"${TARGET_BUILD_DIR}/${FRAMEWORKS_FOLDER_PATH}/leveldb.framework",
				"${TARGET_BUILD_DIR}/${FRAMEWORKS_FOLDER_PATH}/nanopb.framework",
			);
			runOnlyForDeploymentPostprocessing = 0;
			shellPath = /bin/sh;
			shellScript = "\"${SRCROOT}/Pods/Target Support Files/Pods-InstagrammDemoApp/Pods-InstagrammDemoApp-frameworks.sh\"\n";
			showEnvVarsInLog = 0;
		};
/* End PBXShellScriptBuildPhase section */

/* Begin PBXSourcesBuildPhase section */
		ADE155CD21E9EA42003953AB /* Sources */ = {
			isa = PBXSourcesBuildPhase;
			buildActionMask = 2147483647;
			files = (
				AD094AB421EBB27500673089 /* PhotoCollectionViewHeaderCell.swift in Sources */,
				ADE155D721E9EA42003953AB /* ViewController.swift in Sources */,
				AD094AAA21EA6FA200673089 /* UserProfileHeader.swift in Sources */,
				ADE155D521E9EA42003953AB /* AppDelegate.swift in Sources */,
				AD094AA821EA63B200673089 /* UserProfileController.swift in Sources */,
				AD094AB021EBA0E500673089 /* PhotoSelectorCollectionViewController.swift in Sources */,
				AD094AAC21EB7E1000673089 /* SignInViewController.swift in Sources */,
				AD094AAE21EB990900673089 /* HomeViewController.swift in Sources */,
				AD094AB221EBAC6500673089 /* PhotoSelectorCollectionViewCell.swift in Sources */,
				AD094AA621EA613000673089 /* CustomTabBarController.swift in Sources */,
				ADE155DD21E9EA42003953AB /* InstagrammDemoApp.xcdatamodeld in Sources */,
				AD094AB821EBC1F500673089 /* CameraViewController.swift in Sources */,
				AD094AB621EBBD2400673089 /* FeedViewController.swift in Sources */,
				ADE155ED21EA0E82003953AB /* Extensions.swift in Sources */,
			);
			runOnlyForDeploymentPostprocessing = 0;
		};
/* End PBXSourcesBuildPhase section */

/* Begin PBXVariantGroup section */
		ADE155D821E9EA42003953AB /* Main.storyboard */ = {
			isa = PBXVariantGroup;
			children = (
				ADE155D921E9EA42003953AB /* Base */,
			);
			name = Main.storyboard;
			sourceTree = "<group>";
		};
		ADE155E021E9EA47003953AB /* LaunchScreen.storyboard */ = {
			isa = PBXVariantGroup;
			children = (
				ADE155E121E9EA47003953AB /* Base */,
			);
			name = LaunchScreen.storyboard;
			sourceTree = "<group>";
		};
/* End PBXVariantGroup section */

/* Begin XCBuildConfiguration section */
		ADE155E421E9EA47003953AB /* Debug */ = {
			isa = XCBuildConfiguration;
			buildSettings = {
				ALWAYS_SEARCH_USER_PATHS = NO;
				CLANG_ANALYZER_NONNULL = YES;
				CLANG_ANALYZER_NUMBER_OBJECT_CONVERSION = YES_AGGRESSIVE;
				CLANG_CXX_LANGUAGE_STANDARD = "gnu++14";
				CLANG_CXX_LIBRARY = "libc++";
				CLANG_ENABLE_MODULES = YES;
				CLANG_ENABLE_OBJC_ARC = YES;
				CLANG_ENABLE_OBJC_WEAK = YES;
				CLANG_WARN_BLOCK_CAPTURE_AUTORELEASING = YES;
				CLANG_WARN_BOOL_CONVERSION = YES;
				CLANG_WARN_COMMA = YES;
				CLANG_WARN_CONSTANT_CONVERSION = YES;
				CLANG_WARN_DEPRECATED_OBJC_IMPLEMENTATIONS = YES;
				CLANG_WARN_DIRECT_OBJC_ISA_USAGE = YES_ERROR;
				CLANG_WARN_DOCUMENTATION_COMMENTS = YES;
				CLANG_WARN_EMPTY_BODY = YES;
				CLANG_WARN_ENUM_CONVERSION = YES;
				CLANG_WARN_INFINITE_RECURSION = YES;
				CLANG_WARN_INT_CONVERSION = YES;
				CLANG_WARN_NON_LITERAL_NULL_CONVERSION = YES;
				CLANG_WARN_OBJC_IMPLICIT_RETAIN_SELF = YES;
				CLANG_WARN_OBJC_LITERAL_CONVERSION = YES;
				CLANG_WARN_OBJC_ROOT_CLASS = YES_ERROR;
				CLANG_WARN_RANGE_LOOP_ANALYSIS = YES;
				CLANG_WARN_STRICT_PROTOTYPES = YES;
				CLANG_WARN_SUSPICIOUS_MOVE = YES;
				CLANG_WARN_UNGUARDED_AVAILABILITY = YES_AGGRESSIVE;
				CLANG_WARN_UNREACHABLE_CODE = YES;
				CLANG_WARN__DUPLICATE_METHOD_MATCH = YES;
				CODE_SIGN_IDENTITY = "iPhone Developer";
				COPY_PHASE_STRIP = NO;
				DEBUG_INFORMATION_FORMAT = dwarf;
				ENABLE_STRICT_OBJC_MSGSEND = YES;
				ENABLE_TESTABILITY = YES;
				GCC_C_LANGUAGE_STANDARD = gnu11;
				GCC_DYNAMIC_NO_PIC = NO;
				GCC_NO_COMMON_BLOCKS = YES;
				GCC_OPTIMIZATION_LEVEL = 0;
				GCC_PREPROCESSOR_DEFINITIONS = (
					"DEBUG=1",
					"$(inherited)",
				);
				GCC_WARN_64_TO_32_BIT_CONVERSION = YES;
				GCC_WARN_ABOUT_RETURN_TYPE = YES_ERROR;
				GCC_WARN_UNDECLARED_SELECTOR = YES;
				GCC_WARN_UNINITIALIZED_AUTOS = YES_AGGRESSIVE;
				GCC_WARN_UNUSED_FUNCTION = YES;
				GCC_WARN_UNUSED_VARIABLE = YES;
				IPHONEOS_DEPLOYMENT_TARGET = 12.1;
				MTL_ENABLE_DEBUG_INFO = INCLUDE_SOURCE;
				MTL_FAST_MATH = YES;
				ONLY_ACTIVE_ARCH = YES;
				SDKROOT = iphoneos;
				SWIFT_ACTIVE_COMPILATION_CONDITIONS = DEBUG;
				SWIFT_OPTIMIZATION_LEVEL = "-Onone";
			};
			name = Debug;
		};
		ADE155E521E9EA47003953AB /* Release */ = {
			isa = XCBuildConfiguration;
			buildSettings = {
				ALWAYS_SEARCH_USER_PATHS = NO;
				CLANG_ANALYZER_NONNULL = YES;
				CLANG_ANALYZER_NUMBER_OBJECT_CONVERSION = YES_AGGRESSIVE;
				CLANG_CXX_LANGUAGE_STANDARD = "gnu++14";
				CLANG_CXX_LIBRARY = "libc++";
				CLANG_ENABLE_MODULES = YES;
				CLANG_ENABLE_OBJC_ARC = YES;
				CLANG_ENABLE_OBJC_WEAK = YES;
				CLANG_WARN_BLOCK_CAPTURE_AUTORELEASING = YES;
				CLANG_WARN_BOOL_CONVERSION = YES;
				CLANG_WARN_COMMA = YES;
				CLANG_WARN_CONSTANT_CONVERSION = YES;
				CLANG_WARN_DEPRECATED_OBJC_IMPLEMENTATIONS = YES;
				CLANG_WARN_DIRECT_OBJC_ISA_USAGE = YES_ERROR;
				CLANG_WARN_DOCUMENTATION_COMMENTS = YES;
				CLANG_WARN_EMPTY_BODY = YES;
				CLANG_WARN_ENUM_CONVERSION = YES;
				CLANG_WARN_INFINITE_RECURSION = YES;
				CLANG_WARN_INT_CONVERSION = YES;
				CLANG_WARN_NON_LITERAL_NULL_CONVERSION = YES;
				CLANG_WARN_OBJC_IMPLICIT_RETAIN_SELF = YES;
				CLANG_WARN_OBJC_LITERAL_CONVERSION = YES;
				CLANG_WARN_OBJC_ROOT_CLASS = YES_ERROR;
				CLANG_WARN_RANGE_LOOP_ANALYSIS = YES;
				CLANG_WARN_STRICT_PROTOTYPES = YES;
				CLANG_WARN_SUSPICIOUS_MOVE = YES;
				CLANG_WARN_UNGUARDED_AVAILABILITY = YES_AGGRESSIVE;
				CLANG_WARN_UNREACHABLE_CODE = YES;
				CLANG_WARN__DUPLICATE_METHOD_MATCH = YES;
				CODE_SIGN_IDENTITY = "iPhone Developer";
				COPY_PHASE_STRIP = NO;
				DEBUG_INFORMATION_FORMAT = "dwarf-with-dsym";
				ENABLE_NS_ASSERTIONS = NO;
				ENABLE_STRICT_OBJC_MSGSEND = YES;
				GCC_C_LANGUAGE_STANDARD = gnu11;
				GCC_NO_COMMON_BLOCKS = YES;
				GCC_WARN_64_TO_32_BIT_CONVERSION = YES;
				GCC_WARN_ABOUT_RETURN_TYPE = YES_ERROR;
				GCC_WARN_UNDECLARED_SELECTOR = YES;
				GCC_WARN_UNINITIALIZED_AUTOS = YES_AGGRESSIVE;
				GCC_WARN_UNUSED_FUNCTION = YES;
				GCC_WARN_UNUSED_VARIABLE = YES;
				IPHONEOS_DEPLOYMENT_TARGET = 12.1;
				MTL_ENABLE_DEBUG_INFO = NO;
				MTL_FAST_MATH = YES;
				SDKROOT = iphoneos;
				SWIFT_COMPILATION_MODE = wholemodule;
				SWIFT_OPTIMIZATION_LEVEL = "-O";
				VALIDATE_PRODUCT = YES;
			};
			name = Release;
		};
		ADE155E721E9EA47003953AB /* Debug */ = {
			isa = XCBuildConfiguration;
			baseConfigurationReference = 6ADF3F0FAFB487B74DE2D465 /* Pods-InstagrammDemoApp.debug.xcconfig */;
			buildSettings = {
				ASSETCATALOG_COMPILER_APPICON_NAME = AppIcon;
				CODE_SIGN_STYLE = Automatic;
				DEVELOPMENT_TEAM = WBAYC89FWA;
				INFOPLIST_FILE = InstagrammDemoApp/Info.plist;
				IPHONEOS_DEPLOYMENT_TARGET = 10.0;
				LD_RUNPATH_SEARCH_PATHS = (
					"$(inherited)",
					"@executable_path/Frameworks",
				);
				PRODUCT_BUNDLE_IDENTIFIER = "Daniil-Vereschagin.InstagrammDemoApp";
				PRODUCT_NAME = "$(TARGET_NAME)";
				SWIFT_VERSION = 4.2;
				TARGETED_DEVICE_FAMILY = 1;
			};
			name = Debug;
		};
		ADE155E821E9EA47003953AB /* Release */ = {
			isa = XCBuildConfiguration;
			baseConfigurationReference = 1513C17511187AB628E02289 /* Pods-InstagrammDemoApp.release.xcconfig */;
			buildSettings = {
				ASSETCATALOG_COMPILER_APPICON_NAME = AppIcon;
				CODE_SIGN_STYLE = Automatic;
				DEVELOPMENT_TEAM = WBAYC89FWA;
				INFOPLIST_FILE = InstagrammDemoApp/Info.plist;
				IPHONEOS_DEPLOYMENT_TARGET = 10.0;
				LD_RUNPATH_SEARCH_PATHS = (
					"$(inherited)",
					"@executable_path/Frameworks",
				);
				PRODUCT_BUNDLE_IDENTIFIER = "Daniil-Vereschagin.InstagrammDemoApp";
				PRODUCT_NAME = "$(TARGET_NAME)";
				SWIFT_VERSION = 4.2;
				TARGETED_DEVICE_FAMILY = 1;
			};
			name = Release;
		};
/* End XCBuildConfiguration section */

/* Begin XCConfigurationList section */
		ADE155CC21E9EA42003953AB /* Build configuration list for PBXProject "InstagrammDemoApp" */ = {
			isa = XCConfigurationList;
			buildConfigurations = (
				ADE155E421E9EA47003953AB /* Debug */,
				ADE155E521E9EA47003953AB /* Release */,
			);
			defaultConfigurationIsVisible = 0;
			defaultConfigurationName = Release;
		};
		ADE155E621E9EA47003953AB /* Build configuration list for PBXNativeTarget "InstagrammDemoApp" */ = {
			isa = XCConfigurationList;
			buildConfigurations = (
				ADE155E721E9EA47003953AB /* Debug */,
				ADE155E821E9EA47003953AB /* Release */,
			);
			defaultConfigurationIsVisible = 0;
			defaultConfigurationName = Release;
		};
/* End XCConfigurationList section */

/* Begin XCVersionGroup section */
		ADE155DB21E9EA42003953AB /* InstagrammDemoApp.xcdatamodeld */ = {
			isa = XCVersionGroup;
			children = (
				ADE155DC21E9EA42003953AB /* InstagrammDemoApp.xcdatamodel */,
			);
			currentVersion = ADE155DC21E9EA42003953AB /* InstagrammDemoApp.xcdatamodel */;
			path = InstagrammDemoApp.xcdatamodeld;
			sourceTree = "<group>";
			versionGroupType = wrapper.xcdatamodel;
		};
/* End XCVersionGroup section */
	};
	rootObject = ADE155C921E9EA42003953AB /* Project object */;
}
